
Microsoft Visual Studio Solution File, Format Version 12.00
# Visual Studio Version 17
VisualStudioVersion = 17.11.35222.181
MinimumVisualStudioVersion = 10.0.40219.1
Project("{FAE04EC0-301F-11D3-BF4B-00C04F79EFBC}") = "dbscr", "dbscr\dbscr.csproj", "{23B55A99-FC4E-423F-865B-722F3F80E4FA}"
EndProject
Global
	GlobalSection(SolutionConfigurationPlatforms) = preSolution
		Debug|Any CPU = Debug|Any CPU
		Release|Any CPU = Release|Any CPU
	EndGlobalSection
	GlobalSection(ProjectConfigurationPlatforms) = postSolution
		{23B55A99-FC4E-423F-865B-722F3F80E4FA}.Debug|Any CPU.ActiveCfg = Debug|Any CPU
		{23B55A99-FC4E-423F-865B-722F3F80E4FA}.Debug|Any CPU.Build.0 = Debug|Any CPU
		{23B55A99-FC4E-423F-865B-722F3F80E4FA}.Release|Any CPU.ActiveCfg = Release|Any CPU
		{23B55A99-FC4E-423F-865B-722F3F80E4FA}.Release|Any CPU.Build.0 = Release|Any CPU
	EndGlobalSection
	GlobalSection(SolutionProperties) = preSolution
		HideSolutionNode = FALSE
	EndGlobalSection
	GlobalSection(ExtensibilityGlobals) = postSolution
		SolutionGuid = {C74C8B58-8B44-410D-A0BF-E73A8C27E339}
	EndGlobalSection
EndGlobal
